
Microsoft Visual Studio Solution File, Format Version 12.00
# Visual Studio Version 16
VisualStudioVersion = 16.0.30523.141
MinimumVisualStudioVersion = 10.0.40219.1
Project("{FAE04EC0-301F-11D3-BF4B-00C04F79EFBC}") = "BoneSync", "BoneSync_02\BoneSync.csproj", "{4E33E2A8-3202-47B4-BA23-7D043AB24F51}"
EndProject
Global
	GlobalSection(SolutionConfigurationPlatforms) = preSolution
		Debug|Any CPU = Debug|Any CPU
		Release|Any CPU = Release|Any CPU
	EndGlobalSection
	GlobalSection(ProjectConfigurationPlatforms) = postSolution
		{4E33E2A8-3202-47B4-BA23-7D043AB24F51}.Debug|Any CPU.ActiveCfg = Debug|Any CPU
		{4E33E2A8-3202-47B4-BA23-7D043AB24F51}.Debug|Any CPU.Build.0 = Debug|Any CPU
		{4E33E2A8-3202-47B4-BA23-7D043AB24F51}.Release|Any CPU.ActiveCfg = Release|Any CPU
		{4E33E2A8-3202-47B4-BA23-7D043AB24F51}.Release|Any CPU.Build.0 = Release|Any CPU
	EndGlobalSection
	GlobalSection(SolutionProperties) = preSolution
		HideSolutionNode = FALSE
	EndGlobalSection
	GlobalSection(ExtensibilityGlobals) = postSolution
		SolutionGuid = {5206CCEE-37A4-4092-A263-221FC620DB2C}
	EndGlobalSection
EndGlobal
